
Microsoft Visual Studio Solution File, Format Version 12.00
# Visual Studio Version 16
VisualStudioVersion = 16.0.28803.202
MinimumVisualStudioVersion = 10.0.40219.1
Project("{8BC9CEB8-8B4A-11D0-8D11-00A0C91BC942}") = "MythlonInterpreter", "MythlonInterpreter.vcxproj", "{52A14600-38C7-4421-870F-60A39D31C4E0}"
EndProject
Project("{8BC9CEB8-8B4A-11D0-8D11-00A0C91BC942}") = "NonStdPrint", "NonStdPrint\NonStdPrint.vcxproj", "{2AA48563-E9A2-444D-9E25-58B2E6EDCB9C}"
EndProject
Project("{8BC9CEB8-8B4A-11D0-8D11-00A0C91BC942}") = "ExternalObjectDemo", "ExternalObjectDemo\ExternalObjectDemo.vcxproj", "{25B1ADCD-99B8-464F-B2E2-30FA03DBFA42}"
EndProject
Project("{8BC9CEB8-8B4A-11D0-8D11-00A0C91BC942}") = "MythonFilePlugin", "MythonFilePlugin\MythonFilePlugin.vcxproj", "{FF2379A4-2933-4435-93AA-FE92C387E9EF}"
	ProjectSection(ProjectDependencies) = postProject
		{52A14600-38C7-4421-870F-60A39D31C4E0} = {52A14600-38C7-4421-870F-60A39D31C4E0}
	EndProjectSection
EndProject
Project("{8BC9CEB8-8B4A-11D0-8D11-00A0C91BC942}") = "MythonTestPlugin", "MythonTestPlugin\MythonTestPlugin.vcxproj", "{2E06C672-0719-4CAD-A6F4-5D5629842576}"
EndProject
Global
	GlobalSection(SolutionConfigurationPlatforms) = preSolution
		Debug|x64 = Debug|x64
		Debug|x86 = Debug|x86
		Release|x64 = Release|x64
		Release|x86 = Release|x86
	EndGlobalSection
	GlobalSection(ProjectConfigurationPlatforms) = postSolution
		{52A14600-38C7-4421-870F-60A39D31C4E0}.Debug|x64.ActiveCfg = Debug|x64
		{52A14600-38C7-4421-870F-60A39D31C4E0}.Debug|x64.Build.0 = Debug|x64
		{52A14600-38C7-4421-870F-60A39D31C4E0}.Debug|x86.ActiveCfg = Debug|Win32
		{52A14600-38C7-4421-870F-60A39D31C4E0}.Debug|x86.Build.0 = Debug|Win32
		{52A14600-38C7-4421-870F-60A39D31C4E0}.Release|x64.ActiveCfg = Release|x64
		{52A14600-38C7-4421-870F-60A39D31C4E0}.Release|x64.Build.0 = Release|x64
		{52A14600-38C7-4421-870F-60A39D31C4E0}.Release|x86.ActiveCfg = Release|Win32
		{52A14600-38C7-4421-870F-60A39D31C4E0}.Release|x86.Build.0 = Release|Win32
		{2AA48563-E9A2-444D-9E25-58B2E6EDCB9C}.Debug|x64.ActiveCfg = Debug|x64
		{2AA48563-E9A2-444D-9E25-58B2E6EDCB9C}.Debug|x64.Build.0 = Debug|x64
		{2AA48563-E9A2-444D-9E25-58B2E6EDCB9C}.Debug|x86.ActiveCfg = Debug|Win32
		{2AA48563-E9A2-444D-9E25-58B2E6EDCB9C}.Release|x64.ActiveCfg = Release|x64
		{2AA48563-E9A2-444D-9E25-58B2E6EDCB9C}.Release|x64.Build.0 = Release|x64
		{2AA48563-E9A2-444D-9E25-58B2E6EDCB9C}.Release|x86.ActiveCfg = Release|Win32
		{2AA48563-E9A2-444D-9E25-58B2E6EDCB9C}.Release|x86.Build.0 = Release|Win32
		{25B1ADCD-99B8-464F-B2E2-30FA03DBFA42}.Debug|x64.ActiveCfg = Debug|x64
		{25B1ADCD-99B8-464F-B2E2-30FA03DBFA42}.Debug|x64.Build.0 = Debug|x64
		{25B1ADCD-99B8-464F-B2E2-30FA03DBFA42}.Debug|x86.ActiveCfg = Debug|Win32
		{25B1ADCD-99B8-464F-B2E2-30FA03DBFA42}.Release|x64.ActiveCfg = Release|x64
		{25B1ADCD-99B8-464F-B2E2-30FA03DBFA42}.Release|x64.Build.0 = Release|x64
		{25B1ADCD-99B8-464F-B2E2-30FA03DBFA42}.Release|x86.ActiveCfg = Release|Win32
		{25B1ADCD-99B8-464F-B2E2-30FA03DBFA42}.Release|x86.Build.0 = Release|Win32
		{FF2379A4-2933-4435-93AA-FE92C387E9EF}.Debug|x64.ActiveCfg = Debug|x64
		{FF2379A4-2933-4435-93AA-FE92C387E9EF}.Debug|x64.Build.0 = Debug|x64
		{FF2379A4-2933-4435-93AA-FE92C387E9EF}.Debug|x86.ActiveCfg = Debug|Win32
		{FF2379A4-2933-4435-93AA-FE92C387E9EF}.Debug|x86.Build.0 = Debug|Win32
		{FF2379A4-2933-4435-93AA-FE92C387E9EF}.Release|x64.ActiveCfg = Release|x64
		{FF2379A4-2933-4435-93AA-FE92C387E9EF}.Release|x64.Build.0 = Release|x64
		{FF2379A4-2933-4435-93AA-FE92C387E9EF}.Release|x86.ActiveCfg = Release|Win32
		{FF2379A4-2933-4435-93AA-FE92C387E9EF}.Release|x86.Build.0 = Release|Win32
		{2E06C672-0719-4CAD-A6F4-5D5629842576}.Debug|x64.ActiveCfg = Debug|x64
		{2E06C672-0719-4CAD-A6F4-5D5629842576}.Debug|x64.Build.0 = Debug|x64
		{2E06C672-0719-4CAD-A6F4-5D5629842576}.Debug|x86.ActiveCfg = Debug|Win32
		{2E06C672-0719-4CAD-A6F4-5D5629842576}.Debug|x86.Build.0 = Debug|Win32
		{2E06C672-0719-4CAD-A6F4-5D5629842576}.Release|x64.ActiveCfg = Release|x64
		{2E06C672-0719-4CAD-A6F4-5D5629842576}.Release|x64.Build.0 = Release|x64
		{2E06C672-0719-4CAD-A6F4-5D5629842576}.Release|x86.ActiveCfg = Release|Win32
		{2E06C672-0719-4CAD-A6F4-5D5629842576}.Release|x86.Build.0 = Release|Win32
	EndGlobalSection
	GlobalSection(SolutionProperties) = preSolution
		HideSolutionNode = FALSE
	EndGlobalSection
	GlobalSection(ExtensibilityGlobals) = postSolution
		SolutionGuid = {08294E9A-E99B-4C1F-8E07-4B52C4572A5B}
	EndGlobalSection
EndGlobal
